Microsoft Visual Studio Solution File, Format Version 12.00
# Visual Studio Version 17
VisualStudioVersion = 17.5.2.0
MinimumVisualStudioVersion = 10.0.40219.1
Project("{FAE04EC0-301F-11D3-BF4B-00C04F79EFBC}") = "Car_Insurance_Bot", "Car_Insurance_Bot.csproj", "{72EB2563-89F2-9021-3437-7A38DAFF42E5}"
EndProject
Global
	GlobalSection(SolutionConfigurationPlatforms) = preSolution
		Debug|Any CPU = Debug|Any CPU
		Release|Any CPU = Release|Any CPU
	EndGlobalSection
	GlobalSection(ProjectConfigurationPlatforms) = postSolution
		{72EB2563-89F2-9021-3437-7A38DAFF42E5}.Debug|Any CPU.ActiveCfg = Debug|Any CPU
		{72EB2563-89F2-9021-3437-7A38DAFF42E5}.Debug|Any CPU.Build.0 = Debug|Any CPU
		{72EB2563-89F2-9021-3437-7A38DAFF42E5}.Release|Any CPU.ActiveCfg = Release|Any CPU
		{72EB2563-89F2-9021-3437-7A38DAFF42E5}.Release|Any CPU.Build.0 = Release|Any CPU
	EndGlobalSection
	GlobalSection(SolutionProperties) = preSolution
		HideSolutionNode = FALSE
	EndGlobalSection
	GlobalSection(ExtensibilityGlobals) = postSolution
		SolutionGuid = {52B7F744-5B5A-4548-B4F2-0F7F877BAE34}
	EndGlobalSection
EndGlobal
